// !$*UTF8*$!
{
	archiveVersion = 1;
	classes = {
	};
	objectVersion = 53;
	objects = {

/* Begin PBXBuildFile section */
		AA67850B24A4AD0700DFD129 /* TaxCalc.cpp in Sources */ = {isa = PBXBuildFile; fileRef = AA67850924A4AD0700DFD129 /* TaxCalc.cpp */; };
		AA9392DD22E6320F005F51F1 /* TaxCalculator.cpp in Sources */ = {isa = PBXBuildFile; fileRef = AA9392DC22E6320F005F51F1 /* TaxCalculator.cpp */; };
		AAD0EB7622EC749900A32345 /* TaxCalcSwift.swift in Sources */ = {isa = PBXBuildFile; fileRef = AAD0EB7522EC749900A32345 /* TaxCalcSwift.swift */; };
		CA80B7E322B624F800E753F0 /* TaxCalcViewModel.swift in Sources */ = {isa = PBXBuildFile; fileRef = CA80B7E222B624F800E753F0 /* TaxCalcViewModel.swift */; };
		CABE895C22B2522400D344A2 /* AppDelegate.swift in Sources */ = {isa = PBXBuildFile; fileRef = CABE895B22B2522400D344A2 /* AppDelegate.swift */; };
		CABE895E22B2522400D344A2 /* SceneDelegate.swift in Sources */ = {isa = PBXBuildFile; fileRef = CABE895D22B2522400D344A2 /* SceneDelegate.swift */; };
		CABE896022B2522400D344A2 /* ContentView.swift in Sources */ = {isa = PBXBuildFile; fileRef = CABE895F22B2522400D344A2 /* ContentView.swift */; };
		CABE896222B2522500D344A2 /* Assets.xcassets in Resources */ = {isa = PBXBuildFile; fileRef = CABE896122B2522500D344A2 /* Assets.xcassets */; };
		CABE896522B2522500D344A2 /* Preview Assets.xcassets in Resources */ = {isa = PBXBuildFile; fileRef = CABE896422B2522500D344A2 /* Preview Assets.xcassets */; };
		CABE896822B2522500D344A2 /* LaunchScreen.storyboard in Resources */ = {isa = PBXBuildFile; fileRef = CABE896622B2522500D344A2 /* LaunchScreen.storyboard */; };
/* End PBXBuildFile section */

/* Begin PBXFileReference section */
		AA67850524A3735900DFD129 /* MixSwiftAndCPP.entitlements */ = {isa = PBXFileReference; lastKnownFileType = text.plist.entitlements; path = MixSwiftAndCPP.entitlements; sourceTree = "<group>"; };
		AA67850924A4AD0700DFD129 /* TaxCalc.cpp */ = {isa = PBXFileReference; lastKnownFileType = sourcecode.cpp.cpp; path = TaxCalc.cpp; sourceTree = "<group>"; };
		AA67850A24A4AD0700DFD129 /* TaxCalc.hpp */ = {isa = PBXFileReference; lastKnownFileType = sourcecode.cpp.h; path = TaxCalc.hpp; sourceTree = "<group>"; };
		AA9392D822E6320F005F51F1 /* Transaction.h */ = {isa = PBXFileReference; fileEncoding = 4; lastKnownFileType = sourcecode.c.h; path = Transaction.h; sourceTree = "<group>"; };
		AA9392D922E6320F005F51F1 /* TaxCalculator.h */ = {isa = PBXFileReference; fileEncoding = 4; lastKnownFileType = sourcecode.c.h; path = TaxCalculator.h; sourceTree = "<group>"; };
		AA9392DA22E6320F005F51F1 /* Event.h */ = {isa = PBXFileReference; fileEncoding = 4; lastKnownFileType = sourcecode.c.h; path = Event.h; sourceTree = "<group>"; };
		AA9392DB22E6320F005F51F1 /* Property.h */ = {isa = PBXFileReference; fileEncoding = 4; lastKnownFileType = sourcecode.c.h; path = Property.h; sourceTree = "<group>"; };
		AA9392DC22E6320F005F51F1 /* TaxCalculator.cpp */ = {isa = PBXFileReference; fileEncoding = 4; lastKnownFileType = sourcecode.cpp.cpp; path = TaxCalculator.cpp; sourceTree = "<group>"; };
		AAD0EB7522EC749900A32345 /* TaxCalcSwift.swift */ = {isa = PBXFileReference; lastKnownFileType = sourcecode.swift; path = TaxCalcSwift.swift; sourceTree = "<group>"; };
		CA80B7E222B624F800E753F0 /* TaxCalcViewModel.swift */ = {isa = PBXFileReference; lastKnownFileType = sourcecode.swift; path = TaxCalcViewModel.swift; sourceTree = "<group>"; };
		CABE895822B2522400D344A2 /* MixSwiftAndCPP.app */ = {isa = PBXFileReference; explicitFileType = wrapper.application; includeInIndex = 0; path = MixSwiftAndCPP.app; sourceTree = BUILT_PRODUCTS_DIR; };
		CABE895B22B2522400D344A2 /* AppDelegate.swift */ = {isa = PBXFileReference; lastKnownFileType = sourcecode.swift; path = AppDelegate.swift; sourceTree = "<group>"; };
		CABE895D22B2522400D344A2 /* SceneDelegate.swift */ = {isa = PBXFileReference; lastKnownFileType = sourcecode.swift; path = SceneDelegate.swift; sourceTree = "<group>"; };
		CABE895F22B2522400D344A2 /* ContentView.swift */ = {isa = PBXFileReference; lastKnownFileType = sourcecode.swift; path = ContentView.swift; sourceTree = "<group>"; };
		CABE896122B2522500D344A2 /* Assets.xcassets */ = {isa = PBXFileReference; lastKnownFileType = folder.assetcatalog; path = Assets.xcassets; sourceTree = "<group>"; };
		CABE896422B2522500D344A2 /* Preview Assets.xcassets */ = {isa = PBXFileReference; lastKnownFileType = folder.assetcatalog; path = "Preview Assets.xcassets"; sourceTree = "<group>"; };
		CABE896722B2522500D344A2 /* Base */ = {isa = PBXFileReference; lastKnownFileType = file.storyboard; name = Base; path = Base.lproj/LaunchScreen.storyboard; sourceTree = "<group>"; };
		CABE896922B2522500D344A2 /* Info.plist */ = {isa = PBXFileReference; lastKnownFileType = text.plist.xml; path = Info.plist; sourceTree = "<group>"; };
		CABE896F22B2527C00D344A2 /* MixSwiftAndCPP-Bridging-Header.h */ = {isa = PBXFileReference; lastKnownFileType = sourcecode.c.h; path = "MixSwiftAndCPP-Bridging-Header.h"; sourceTree = "<group>"; };
/* End PBXFileReference section */

/* Begin PBXFrameworksBuildPhase section */
		CABE895522B2522400D344A2 /* Frameworks */ = {
			isa = PBXFrameworksBuildPhase;
			buildActionMask = 2147483647;
			files = (
			);
			runOnlyForDeploymentPostprocessing = 0;
		};
/* End PBXFrameworksBuildPhase section */

/* Begin PBXGroup section */
		AA9392D722E6317D005F51F1 /* CPP */ = {
			isa = PBXGroup;
			children = (
				AA9392DC22E6320F005F51F1 /* TaxCalculator.cpp */,
				AA9392D922E6320F005F51F1 /* TaxCalculator.h */,
				AA9392D822E6320F005F51F1 /* Transaction.h */,
				AA9392DA22E6320F005F51F1 /* Event.h */,
				AA9392DB22E6320F005F51F1 /* Property.h */,
				AA67850924A4AD0700DFD129 /* TaxCalc.cpp */,
				AA67850A24A4AD0700DFD129 /* TaxCalc.hpp */,
			);
			path = CPP;
			sourceTree = "<group>";
		};
		CABE894F22B2522400D344A2 = {
			isa = PBXGroup;
			children = (
				CABE895A22B2522400D344A2 /* MixSwiftAndCPP */,
				CABE895922B2522400D344A2 /* Products */,
			);
			sourceTree = "<group>";
		};
		CABE895922B2522400D344A2 /* Products */ = {
			isa = PBXGroup;
			children = (
				CABE895822B2522400D344A2 /* MixSwiftAndCPP.app */,
			);
			name = Products;
			sourceTree = "<group>";
		};
		CABE895A22B2522400D344A2 /* MixSwiftAndCPP */ = {
			isa = PBXGroup;
			children = (
				AA67850524A3735900DFD129 /* MixSwiftAndCPP.entitlements */,
				CABE896F22B2527C00D344A2 /* MixSwiftAndCPP-Bridging-Header.h */,
				CABE896922B2522500D344A2 /* Info.plist */,
				CABE895B22B2522400D344A2 /* AppDelegate.swift */,
				CABE895F22B2522400D344A2 /* ContentView.swift */,
				CABE895D22B2522400D344A2 /* SceneDelegate.swift */,
				CA80B7E222B624F800E753F0 /* TaxCalcViewModel.swift */,
				CABE896122B2522500D344A2 /* Assets.xcassets */,
				AA9392D722E6317D005F51F1 /* CPP */,
				CABE896622B2522500D344A2 /* LaunchScreen.storyboard */,
				CABE896322B2522500D344A2 /* Preview Content */,
				AAD0EB7522EC749900A32345 /* TaxCalcSwift.swift */,
			);
			path = MixSwiftAndCPP;
			sourceTree = "<group>";
		};
		CABE896322B2522500D344A2 /* Preview Content */ = {
			isa = PBXGroup;
			children = (
				CABE896422B2522500D344A2 /* Preview Assets.xcassets */,
			);
			path = "Preview Content";
			sourceTree = "<group>";
		};
/* End PBXGroup section */

/* Begin PBXNativeTarget section */
		CABE895722B2522400D344A2 /* MixSwiftAndCPP */ = {
			isa = PBXNativeTarget;
			buildConfigurationList = CABE896C22B2522500D344A2 /* Build configuration list for PBXNativeTarget "MixSwiftAndCPP" */;
			buildPhases = (
				CABE895422B2522400D344A2 /* Sources */,
				CABE895522B2522400D344A2 /* Frameworks */,
				CABE895622B2522400D344A2 /* Resources */,
			);
			buildRules = (
			);
			dependencies = (
			);
			name = MixSwiftAndCPP;
			productName = MixSwiftAndCPP;
			productReference = CABE895822B2522400D344A2 /* MixSwiftAndCPP.app */;
			productType = "com.apple.product-type.application";
		};
/* End PBXNativeTarget section */

/* Begin PBXProject section */
		CABE895022B2522400D344A2 /* Project object */ = {
			isa = PBXProject;
			attributes = {
				BuildIndependentTargetsInParallel = YES;
				LastSwiftUpdateCheck = 1100;
				LastUpgradeCheck = 1430;
				ORGANIZATIONNAME = "Steve Pearson ";
				TargetAttributes = {
					CABE895722B2522400D344A2 = {
						CreatedOnToolsVersion = 11.0;
						LastSwiftMigration = 1100;
					};
				};
			};
			buildConfigurationList = CABE895322B2522400D344A2 /* Build configuration list for PBXProject "MixSwiftAndCPP" */;
			compatibilityVersion = "Xcode 9.3";
			developmentRegion = en;
			hasScannedForEncodings = 0;
			knownRegions = (
				en,
				Base,
			);
			mainGroup = CABE894F22B2522400D344A2;
			productRefGroup = CABE895922B2522400D344A2 /* Products */;
			projectDirPath = "";
			projectRoot = "";
			targets = (
				CABE895722B2522400D344A2 /* MixSwiftAndCPP */,
			);
		};
/* End PBXProject section */

/* Begin PBXResourcesBuildPhase section */
		CABE895622B2522400D344A2 /* Resources */ = {
			isa = PBXResourcesBuildPhase;
			buildActionMask = 2147483647;
			files = (
				CABE896822B2522500D344A2 /* LaunchScreen.storyboard in Resources */,
				CABE896522B2522500D344A2 /* Preview Assets.xcassets in Resources */,
				CABE896222B2522500D344A2 /* Assets.xcassets in Resources */,
			);
			runOnlyForDeploymentPostprocessing = 0;
		};
/* End PBXResourcesBuildPhase section */

/* Begin PBXSourcesBuildPhase section */
		CABE895422B2522400D344A2 /* Sources */ = {
			isa = PBXSourcesBuildPhase;
			buildActionMask = 2147483647;
			files = (
				AA67850B24A4AD0700DFD129 /* TaxCalc.cpp in Sources */,
				CABE895C22B2522400D344A2 /* AppDelegate.swift in Sources */,
				CA80B7E322B624F800E753F0 /* TaxCalcViewModel.swift in Sources */,
				CABE895E22B2522400D344A2 /* SceneDelegate.swift in Sources */,
				CABE896022B2522400D344A2 /* ContentView.swift in Sources */,
				AA9392DD22E6320F005F51F1 /* TaxCalculator.cpp in Sources */,
				AAD0EB7622EC749900A32345 /* TaxCalcSwift.swift in Sources */,
			);
			runOnlyForDeploymentPostprocessing = 0;
		};
/* End PBXSourcesBuildPhase section */

/* Begin PBXVariantGroup section */
		CABE896622B2522500D344A2 /* LaunchScreen.storyboard */ = {
			isa = PBXVariantGroup;
			children = (
				CABE896722B2522500D344A2 /* Base */,
			);
			name = LaunchScreen.storyboard;
			sourceTree = "<group>";
		};
/* End PBXVariantGroup section */

/* Begin XCBuildConfiguration section */
		CABE896A22B2522500D344A2 /* Debug */ = {
			isa = XCBuildConfiguration;
			buildSettings = {
				ALWAYS_SEARCH_USER_PATHS = NO;
				CLANG_ANALYZER_NONNULL = YES;
				CLANG_ANALYZER_NUMBER_OBJECT_CONVERSION = YES_AGGRESSIVE;
				CLANG_CXX_LANGUAGE_STANDARD = "gnu++14";
				CLANG_CXX_LIBRARY = "libc++";
				CLANG_ENABLE_MODULES = YES;
				CLANG_ENABLE_OBJC_ARC = YES;
				CLANG_ENABLE_OBJC_WEAK = YES;
				CLANG_WARN_BLOCK_CAPTURE_AUTORELEASING = YES;
				CLANG_WARN_BOOL_CONVERSION = YES;
				CLANG_WARN_COMMA = YES;
				CLANG_WARN_CONSTANT_CONVERSION = YES;
				CLANG_WARN_DEPRECATED_OBJC_IMPLEMENTATIONS = YES;
				CLANG_WARN_DIRECT_OBJC_ISA_USAGE = YES_ERROR;
				CLANG_WARN_DOCUMENTATION_COMMENTS = YES;
				CLANG_WARN_EMPTY_BODY = YES;
				CLANG_WARN_ENUM_CONVERSION = YES;
				CLANG_WARN_INFINITE_RECURSION = YES;
				CLANG_WARN_INT_CONVERSION = YES;
				CLANG_WARN_NON_LITERAL_NULL_CONVERSION = YES;
				CLANG_WARN_OBJC_IMPLICIT_RETAIN_SELF = YES;
				CLANG_WARN_OBJC_LITERAL_CONVERSION = YES;
				CLANG_WARN_OBJC_ROOT_CLASS = YES_ERROR;
				CLANG_WARN_QUOTED_INCLUDE_IN_FRAMEWORK_HEADER = YES;
				CLANG_WARN_RANGE_LOOP_ANALYSIS = YES;
				CLANG_WARN_STRICT_PROTOTYPES = YES;
				CLANG_WARN_SUSPICIOUS_MOVE = YES;
				CLANG_WARN_UNGUARDED_AVAILABILITY = YES_AGGRESSIVE;
				CLANG_WARN_UNREACHABLE_CODE = YES;
				CLANG_WARN__DUPLICATE_METHOD_MATCH = YES;
				COPY_PHASE_STRIP = NO;
				DEBUG_INFORMATION_FORMAT = dwarf;
				ENABLE_STRICT_OBJC_MSGSEND = YES;
				ENABLE_TESTABILITY = YES;
				GCC_C_LANGUAGE_STANDARD = gnu11;
				GCC_DYNAMIC_NO_PIC = NO;
				GCC_NO_COMMON_BLOCKS = YES;
				GCC_OPTIMIZATION_LEVEL = 0;
				GCC_PREPROCESSOR_DEFINITIONS = (
					"DEBUG=1",
					"$(inherited)",
				);
				GCC_WARN_64_TO_32_BIT_CONVERSION = YES;
				GCC_WARN_ABOUT_RETURN_TYPE = YES_ERROR;
				GCC_WARN_UNDECLARED_SELECTOR = YES;
				GCC_WARN_UNINITIALIZED_AUTOS = YES_AGGRESSIVE;
				GCC_WARN_UNUSED_FUNCTION = YES;
				GCC_WARN_UNUSED_VARIABLE = YES;
				IPHONEOS_DEPLOYMENT_TARGET = 13.0;
				MTL_ENABLE_DEBUG_INFO = INCLUDE_SOURCE;
				MTL_FAST_MATH = YES;
				ONLY_ACTIVE_ARCH = YES;
				SDKROOT = iphoneos;
				SWIFT_ACTIVE_COMPILATION_CONDITIONS = DEBUG;
				SWIFT_OPTIMIZATION_LEVEL = "-Onone";
			};
			name = Debug;
		};
		CABE896B22B2522500D344A2 /* Release */ = {
			isa = XCBuildConfiguration;
			buildSettings = {
				ALWAYS_SEARCH_USER_PATHS = NO;
				CLANG_ANALYZER_NONNULL = YES;
				CLANG_ANALYZER_NUMBER_OBJECT_CONVERSION = YES_AGGRESSIVE;
				CLANG_CXX_LANGUAGE_STANDARD = "gnu++14";
				CLANG_CXX_LIBRARY = "libc++";
				CLANG_ENABLE_MODULES = YES;
				CLANG_ENABLE_OBJC_ARC = YES;
				CLANG_ENABLE_OBJC_WEAK = YES;
				CLANG_WARN_BLOCK_CAPTURE_AUTORELEASING = YES;
				CLANG_WARN_BOOL_CONVERSION = YES;
				CLANG_WARN_COMMA = YES;
				CLANG_WARN_CONSTANT_CONVERSION = YES;
				CLANG_WARN_DEPRECATED_OBJC_IMPLEMENTATIONS = YES;
				CLANG_WARN_DIRECT_OBJC_ISA_USAGE = YES_ERROR;
				CLANG_WARN_DOCUMENTATION_COMMENTS = YES;
				CLANG_WARN_EMPTY_BODY = YES;
				CLANG_WARN_ENUM_CONVERSION = YES;
				CLANG_WARN_INFINITE_RECURSION = YES;
				CLANG_WARN_INT_CONVERSION = YES;
				CLANG_WARN_NON_LITERAL_NULL_CONVERSION = YES;
				CLANG_WARN_OBJC_IMPLICIT_RETAIN_SELF = YES;
				CLANG_WARN_OBJC_LITERAL_CONVERSION = YES;
				CLANG_WARN_OBJC_ROOT_CLASS = YES_ERROR;
				CLANG_WARN_QUOTED_INCLUDE_IN_FRAMEWORK_HEADER = YES;
				CLANG_WARN_RANGE_LOOP_ANALYSIS = YES;
				CLANG_WARN_STRICT_PROTOTYPES = YES;
				CLANG_WARN_SUSPICIOUS_MOVE = YES;
				CLANG_WARN_UNGUARDED_AVAILABILITY = YES_AGGRESSIVE;
				CLANG_WARN_UNREACHABLE_CODE = YES;
				CLANG_WARN__DUPLICATE_METHOD_MATCH = YES;
				COPY_PHASE_STRIP = NO;
				DEBUG_INFORMATION_FORMAT = "dwarf-with-dsym";
				ENABLE_NS_ASSERTIONS = NO;
				ENABLE_STRICT_OBJC_MSGSEND = YES;
				GCC_C_LANGUAGE_STANDARD = gnu11;
				GCC_NO_COMMON_BLOCKS = YES;
				GCC_WARN_64_TO_32_BIT_CONVERSION = YES;
				GCC_WARN_ABOUT_RETURN_TYPE = YES_ERROR;
				GCC_WARN_UNDECLARED_SELECTOR = YES;
				GCC_WARN_UNINITIALIZED_AUTOS = YES_AGGRESSIVE;
				GCC_WARN_UNUSED_FUNCTION = YES;
				GCC_WARN_UNUSED_VARIABLE = YES;
				IPHONEOS_DEPLOYMENT_TARGET = 13.0;
				MTL_ENABLE_DEBUG_INFO = NO;
				MTL_FAST_MATH = YES;
				SDKROOT = iphoneos;
				SWIFT_COMPILATION_MODE = wholemodule;
				SWIFT_OPTIMIZATION_LEVEL = "-O";
				VALIDATE_PRODUCT = YES;
			};
			name = Release;
		};
		CABE896D22B2522500D344A2 /* Debug */ = {
			isa = XCBuildConfiguration;
			buildSettings = {
				ASSETCATALOG_COMPILER_APPICON_NAME = AppIcon;
				CLANG_ENABLE_MODULES = YES;
				CODE_SIGN_ENTITLEMENTS = MixSwiftAndCPP/MixSwiftAndCPP.entitlements;
				CODE_SIGN_STYLE = Automatic;
				DEVELOPMENT_ASSET_PATHS = "MixSwiftAndCPP/Preview\\ Content";
				DEVELOPMENT_TEAM = 7259K237G2;
				ENABLE_PREVIEWS = YES;
				INFOPLIST_FILE = MixSwiftAndCPP/Info.plist;
				LD_RUNPATH_SEARCH_PATHS = (
					"$(inherited)",
					"@executable_path/Frameworks",
				);
				PRODUCT_BUNDLE_IDENTIFIER = com.StevePearson.MixSwiftAndCPP;
				PRODUCT_NAME = "$(TARGET_NAME)";
				SUPPORTS_MACCATALYST = YES;
				SWIFT_OBJC_BRIDGING_HEADER = "MixSwiftAndCPP/MixSwiftAndCPP-Bridging-Header.h";
				SWIFT_OPTIMIZATION_LEVEL = "-Onone";
				SWIFT_VERSION = 5.0;
				TARGETED_DEVICE_FAMILY = "1,2";
			};
			name = Debug;
		};
		CABE896E22B2522500D344A2 /* Release */ = {
			isa = XCBuildConfiguration;
			buildSettings = {
				ASSETCATALOG_COMPILER_APPICON_NAME = AppIcon;
				CLANG_ENABLE_MODULES = YES;
				CODE_SIGN_ENTITLEMENTS = MixSwiftAndCPP/MixSwiftAndCPP.entitlements;
				CODE_SIGN_STYLE = Automatic;
				DEVELOPMENT_ASSET_PATHS = "MixSwiftAndCPP/Preview\\ Content";
				DEVELOPMENT_TEAM = 7259K237G2;
				ENABLE_PREVIEWS = YES;
				INFOPLIST_FILE = MixSwiftAndCPP/Info.plist;
				LD_RUNPATH_SEARCH_PATHS = (
					"$(inherited)",
					"@executable_path/Frameworks",
				);
				PRODUCT_BUNDLE_IDENTIFIER = com.StevePearson.MixSwiftAndCPP;
				PRODUCT_NAME = "$(TARGET_NAME)";
				SUPPORTS_MACCATALYST = YES;
				SWIFT_OBJC_BRIDGING_HEADER = "MixSwiftAndCPP/MixSwiftAndCPP-Bridging-Header.h";
				SWIFT_VERSION = 5.0;
				TARGETED_DEVICE_FAMILY = "1,2";
			};
			name = Release;
		};
/* End XCBuildConfiguration section */

/* Begin XCConfigurationList section */
		CABE895322B2522400D344A2 /* Build configuration list for PBXProject "MixSwiftAndCPP" */ = {
			isa = XCConfigurationList;
			buildConfigurations = (
				CABE896A22B2522500D344A2 /* Debug */,
				CABE896B22B2522500D344A2 /* Release */,
			);
			defaultConfigurationIsVisible = 0;
			defaultConfigurationName = Release;
		};
		CABE896C22B2522500D344A2 /* Build configuration list for PBXNativeTarget "MixSwiftAndCPP" */ = {
			isa = XCConfigurationList;
			buildConfigurations = (
				CABE896D22B2522500D344A2 /* Debug */,
				CABE896E22B2522500D344A2 /* Release */,
			);
			defaultConfigurationIsVisible = 0;
			defaultConfigurationName = Release;
		};
/* End XCConfigurationList section */
	};
	rootObject = CABE895022B2522400D344A2 /* Project object */;
}
